
Microsoft Visual Studio Solution File, Format Version 12.00
# Visual Studio Version 17
VisualStudioVersion = 17.9.34616.47
MinimumVisualStudioVersion = 10.0.40219.1
Project("{9A19103F-16F7-4668-BE54-9A1E7A4F7556}") = "WPFUI", "WPFUI\WPFUI.csproj", "{65E4108D-BB85-4B93-AB84-89FFB6708D40}"
EndProject
Global
	GlobalSection(SolutionConfigurationPlatforms) = preSolution
		Debug|Any CPU = Debug|Any CPU
		Release|Any CPU = Release|Any CPU
	EndGlobalSection
	GlobalSection(ProjectConfigurationPlatforms) = postSolution
		{65E4108D-BB85-4B93-AB84-89FFB6708D40}.Debug|Any CPU.ActiveCfg = Debug|Any CPU
		{65E4108D-BB85-4B93-AB84-89FFB6708D40}.Debug|Any CPU.Build.0 = Debug|Any CPU
		{65E4108D-BB85-4B93-AB84-89FFB6708D40}.Release|Any CPU.ActiveCfg = Release|Any CPU
		{65E4108D-BB85-4B93-AB84-89FFB6708D40}.Release|Any CPU.Build.0 = Release|Any CPU
	EndGlobalSection
	GlobalSection(SolutionProperties) = preSolution
		HideSolutionNode = FALSE
	EndGlobalSection
	GlobalSection(ExtensibilityGlobals) = postSolution
		SolutionGuid = {E0FA4F68-E64E-4F46-B99F-125A3CF65FF5}
	EndGlobalSection
EndGlobal
